
Microsoft Visual Studio Solution File, Format Version 12.00
# Visual Studio Version 16
VisualStudioVersion = 16.0.30711.63
MinimumVisualStudioVersion = 10.0.40219.1
Project("{FAE04EC0-301F-11D3-BF4B-00C04F79EFBC}") = "PhotonX", "PhotonX\PhotonX.csproj", "{255E631B-5AD4-43FD-BBD7-F0A515DA868C}"
EndProject
Global
	GlobalSection(SolutionConfigurationPlatforms) = preSolution
		Debug|Any CPU = Debug|Any CPU
		Release|Any CPU = Release|Any CPU
	EndGlobalSection
	GlobalSection(ProjectConfigurationPlatforms) = postSolution
		{255E631B-5AD4-43FD-BBD7-F0A515DA868C}.Debug|Any CPU.ActiveCfg = Debug|Any CPU
		{255E631B-5AD4-43FD-BBD7-F0A515DA868C}.Debug|Any CPU.Build.0 = Debug|Any CPU
		{255E631B-5AD4-43FD-BBD7-F0A515DA868C}.Release|Any CPU.ActiveCfg = Release|Any CPU
		{255E631B-5AD4-43FD-BBD7-F0A515DA868C}.Release|Any CPU.Build.0 = Release|Any CPU
	EndGlobalSection
	GlobalSection(SolutionProperties) = preSolution
		HideSolutionNode = FALSE
	EndGlobalSection
	GlobalSection(ExtensibilityGlobals) = postSolution
		SolutionGuid = {8BDED8C0-7D6D-4700-9698-F63BFDD168ED}
	EndGlobalSection
EndGlobal
